{
    "integTestCompile": {
        "com.netflix.nebula:nebula-test": {
            "locked": "7.1.7",
            "requested": "7.+"
        }
    },
    "integTestCompileClasspath": {
        "com.netflix.nebula:nebula-test": {
            "locked": "7.1.7",
            "requested": "7.+"
        }
    },
    "integTestRuntime": {
        "com.netflix.nebula:nebula-test": {
            "locked": "7.1.7",
            "requested": "7.+"
        }
    },
    "integTestRuntimeClasspath": {
        "com.netflix.nebula:nebula-test": {
            "locked": "7.1.7",
            "requested": "7.+"
        }
    },
    "jacocoAgent": {
        "org.jacoco:org.jacoco.agent": {
            "locked": "0.8.2"
        }
    },
    "jacocoAnt": {
        "org.jacoco:org.jacoco.ant": {
            "locked": "0.8.2"
        }
    },
    "testCompile": {
        "com.netflix.nebula:nebula-test": {
            "locked": "7.1.7",
            "requested": "7.+"
        }
    },
    "testCompileClasspath": {
        "com.netflix.nebula:nebula-test": {
            "locked": "7.1.7",
            "requested": "7.+"
        }
    },
    "testRuntime": {
        "com.netflix.nebula:nebula-test": {
            "locked": "7.1.7",
            "requested": "7.+"
        }
    },
    "testRuntimeClasspath": {
        "com.netflix.nebula:nebula-test": {
            "locked": "7.1.7",
            "requested": "7.+"
        }
    }
}